
Microsoft Visual Studio Solution File, Format Version 12.00
# Visual Studio 15
VisualStudioVersion = 15.0.28307.168
MinimumVisualStudioVersion = 10.0.40219.1
Project("{8BC9CEB8-8B4A-11D0-8D11-00A0C91BC942}") = "Grapics_jm", "Grapics_jm\Grapics_jm.vcxproj", "{59063DE9-E915-45F9-8A8C-B703B5D31D94}"
EndProject
Project("{8BC9CEB8-8B4A-11D0-8D11-00A0C91BC942}") = "week1__matrix_and_vector", "week1__matrix_and_vector\week1__matrix_and_vector.vcxproj", "{59BCA4EE-A374-461B-890B-65DF0B9BA73C}"
EndProject
Project("{8BC9CEB8-8B4A-11D0-8D11-00A0C91BC942}") = "week2_Beginning_GLFW", "week2_Beginning_GLFW\week2_Beginning_GLFW.vcxproj", "{1D085327-96DB-4182-BDF8-F5C821C498D0}"
EndProject
Project("{8BC9CEB8-8B4A-11D0-8D11-00A0C91BC942}") = "week3_Polygonal_Geometry_Modern_OpenGL", "week3_Polygonal_Geometry_Modern_OpenGL\week3_Polygonal_Geometry_Modern_OpenGL.vcxproj", "{73B5E9FD-2DB1-47DF-9225-487B586A1669}"
EndProject
Project("{8BC9CEB8-8B4A-11D0-8D11-00A0C91BC942}") = "Week4_Geometric_Transformations", "Week4_Geometric_Transformations\Week4_Geometric_Transformations.vcxproj", "{BE52E0D0-E9CC-46C8-B9FA-F72E7FEFE711}"
EndProject
Global
	GlobalSection(SolutionConfigurationPlatforms) = preSolution
		Debug|x64 = Debug|x64
		Debug|x86 = Debug|x86
		Release|x64 = Release|x64
		Release|x86 = Release|x86
	EndGlobalSection
	GlobalSection(ProjectConfigurationPlatforms) = postSolution
		{59063DE9-E915-45F9-8A8C-B703B5D31D94}.Debug|x64.ActiveCfg = Debug|x64
		{59063DE9-E915-45F9-8A8C-B703B5D31D94}.Debug|x64.Build.0 = Debug|x64
		{59063DE9-E915-45F9-8A8C-B703B5D31D94}.Debug|x86.ActiveCfg = Debug|Win32
		{59063DE9-E915-45F9-8A8C-B703B5D31D94}.Debug|x86.Build.0 = Debug|Win32
		{59063DE9-E915-45F9-8A8C-B703B5D31D94}.Release|x64.ActiveCfg = Release|x64
		{59063DE9-E915-45F9-8A8C-B703B5D31D94}.Release|x64.Build.0 = Release|x64
		{59063DE9-E915-45F9-8A8C-B703B5D31D94}.Release|x86.ActiveCfg = Release|Win32
		{59063DE9-E915-45F9-8A8C-B703B5D31D94}.Release|x86.Build.0 = Release|Win32
		{59BCA4EE-A374-461B-890B-65DF0B9BA73C}.Debug|x64.ActiveCfg = Debug|x64
		{59BCA4EE-A374-461B-890B-65DF0B9BA73C}.Debug|x64.Build.0 = Debug|x64
		{59BCA4EE-A374-461B-890B-65DF0B9BA73C}.Debug|x86.ActiveCfg = Debug|Win32
		{59BCA4EE-A374-461B-890B-65DF0B9BA73C}.Debug|x86.Build.0 = Debug|Win32
		{59BCA4EE-A374-461B-890B-65DF0B9BA73C}.Release|x64.ActiveCfg = Release|x64
		{59BCA4EE-A374-461B-890B-65DF0B9BA73C}.Release|x64.Build.0 = Release|x64
		{59BCA4EE-A374-461B-890B-65DF0B9BA73C}.Release|x86.ActiveCfg = Release|Win32
		{59BCA4EE-A374-461B-890B-65DF0B9BA73C}.Release|x86.Build.0 = Release|Win32
		{1D085327-96DB-4182-BDF8-F5C821C498D0}.Debug|x64.ActiveCfg = Debug|x64
		{1D085327-96DB-4182-BDF8-F5C821C498D0}.Debug|x64.Build.0 = Debug|x64
		{1D085327-96DB-4182-BDF8-F5C821C498D0}.Debug|x86.ActiveCfg = Debug|Win32
		{1D085327-96DB-4182-BDF8-F5C821C498D0}.Debug|x86.Build.0 = Debug|Win32
		{1D085327-96DB-4182-BDF8-F5C821C498D0}.Release|x64.ActiveCfg = Release|x64
		{1D085327-96DB-4182-BDF8-F5C821C498D0}.Release|x64.Build.0 = Release|x64
		{1D085327-96DB-4182-BDF8-F5C821C498D0}.Release|x86.ActiveCfg = Release|Win32
		{1D085327-96DB-4182-BDF8-F5C821C498D0}.Release|x86.Build.0 = Release|Win32
		{73B5E9FD-2DB1-47DF-9225-487B586A1669}.Debug|x64.ActiveCfg = Debug|x64
		{73B5E9FD-2DB1-47DF-9225-487B586A1669}.Debug|x64.Build.0 = Debug|x64
		{73B5E9FD-2DB1-47DF-9225-487B586A1669}.Debug|x86.ActiveCfg = Debug|Win32
		{73B5E9FD-2DB1-47DF-9225-487B586A1669}.Debug|x86.Build.0 = Debug|Win32
		{73B5E9FD-2DB1-47DF-9225-487B586A1669}.Release|x64.ActiveCfg = Release|x64
		{73B5E9FD-2DB1-47DF-9225-487B586A1669}.Release|x64.Build.0 = Release|x64
		{73B5E9FD-2DB1-47DF-9225-487B586A1669}.Release|x86.ActiveCfg = Release|Win32
		{73B5E9FD-2DB1-47DF-9225-487B586A1669}.Release|x86.Build.0 = Release|Win32
		{BE52E0D0-E9CC-46C8-B9FA-F72E7FEFE711}.Debug|x64.ActiveCfg = Debug|x64
		{BE52E0D0-E9CC-46C8-B9FA-F72E7FEFE711}.Debug|x64.Build.0 = Debug|x64
		{BE52E0D0-E9CC-46C8-B9FA-F72E7FEFE711}.Debug|x86.ActiveCfg = Debug|Win32
		{BE52E0D0-E9CC-46C8-B9FA-F72E7FEFE711}.Debug|x86.Build.0 = Debug|Win32
		{BE52E0D0-E9CC-46C8-B9FA-F72E7FEFE711}.Release|x64.ActiveCfg = Release|x64
		{BE52E0D0-E9CC-46C8-B9FA-F72E7FEFE711}.Release|x64.Build.0 = Release|x64
		{BE52E0D0-E9CC-46C8-B9FA-F72E7FEFE711}.Release|x86.ActiveCfg = Release|Win32
		{BE52E0D0-E9CC-46C8-B9FA-F72E7FEFE711}.Release|x86.Build.0 = Release|Win32
	EndGlobalSection
	GlobalSection(SolutionProperties) = preSolution
		HideSolutionNode = FALSE
	EndGlobalSection
	GlobalSection(ExtensibilityGlobals) = postSolution
		SolutionGuid = {9499C3EC-C303-4148-9079-97963E212CE5}
	EndGlobalSection
EndGlobal
